version = 1
revision = 3
requires-python = "==3.12.*"

[[package]]
name = "book05-network-hunting-lab"
version = "1.0.0"
source = { virtual = "." }
dependencies = [
    { name = "duckdb" },
    { name = "scapy" },
]

[package.metadata]
requires-dist = [
    { name = "duckdb", specifier = "==1.4.5" },
    { name = "scapy", specifier = "==2.6.1" },
]

[[package]]
name = "duckdb"
version = "1.4.5"
source = { registry = "https://pypi.org/simple" }
sdist = { url = "https://files.pythonhosted.org/packages/45/05/9e32eb606684bbfd739a757acfa887705930b84e5a598da6bb85c48eb35f/duckdb-1.4.5.tar.gz", hash = "sha256:783779bde612172b06c250b5f34f7fc29471833545f2894aadedbffbbcc49013", size = 18424446, upload-time = "2026-06-17T10:46:36.409Z" }
wheels = [
    { url = "https://files.pythonhosted.org/packages/8f/ac/b30b1ddf2a4948e520c99eeb868de3d5299c2ffdfb94ca8cac2203f092c9/duckdb-1.4.5-cp312-cp312-macosx_10_13_universal2.whl", hash = "sha256:09823cdf26dd0aa99a4c23a47f2b0a29c285a68db7e075f8603b678d8a3ddeb6", size = 28967421, upload-time = "2026-06-17T10:45:13.277Z" },
    { url = "https://files.pythonhosted.org/packages/13/fe/06fcf75bb9b22221b6f2fbb0c5327670e36974d05d84c8e5a73a87676477/duckdb-1.4.5-cp312-cp312-macosx_10_13_x86_64.whl", hash = "sha256:c08999ed92ac66caecfc3945dd7184fdc145570e56ec5af6ec4dd84f1e1bab8c", size = 15388216, upload-time = "2026-06-17T10:45:16.374Z" },
    { url = "https://files.pythonhosted.org/packages/a8/f7/cb0c5e2ed724de27fdb945ff5101c48216afe1aacc1294462658bfa7676e/duckdb-1.4.5-cp312-cp312-macosx_11_0_arm64.whl", hash = "sha256:07328a3e3a52221bd13c7dfc2f072be4fae84d42a5ef272d6fd497cda43e375f", size = 13705300, upload-time = "2026-06-17T10:45:19.184Z" },
    { url = "https://files.pythonhosted.org/packages/5b/a2/dbc65b784ee731e246fe5b3066b61aa0afe01dbf4927d3f2db97ced45d6f/duckdb-1.4.5-cp312-cp312-manylinux_2_26_aarch64.manylinux_2_28_aarch64.whl", hash = "sha256:0c72b1dcf27a71ef5f3dc14b92b9ed9274c5584bb0e88590b78907cbb8e254f3", size = 18476603, upload-time = "2026-06-17T10:45:22.906Z" },
    { url = "https://files.pythonhosted.org/packages/84/ef/f6fbb91cab7209acaffa1d861f54d67d55254d5c20d73191867a2f91d613/duckdb-1.4.5-cp312-cp312-manylinux_2_26_x86_64.manylinux_2_28_x86_64.whl", hash = "sha256:aa294d028c149ca21110e366eaffcb4fc9ab11d7d203d50f7bc49a07ab34b960", size = 20483899, upload-time = "2026-06-17T10:45:26.431Z" },
    { url = "https://files.pythonhosted.org/packages/ed/c0/cf35aeb21f9c94ec1fc409d21f746109959272356ee6a8b0479113f9eadc/duckdb-1.4.5-cp312-cp312-win_amd64.whl", hash = "sha256:6b8d992d957c89e83d697756f6c5b5aea910d6bf16e2666da4c508f891932ae2", size = 12279480, upload-time = "2026-06-17T10:45:29.201Z" },
    { url = "https://files.pythonhosted.org/packages/9c/c5/aef86244585028c344703d0bb7d23c0b7cc4d8f606e1e58fa8d43c61de6b/duckdb-1.4.5-cp312-cp312-win_arm64.whl", hash = "sha256:47d2a6cbf7ccb8723d716150a3aa6c22647177876278aa781bf843d649011e72", size = 13036352, upload-time = "2026-06-17T10:45:31.894Z" },
]

[[package]]
name = "scapy"
version = "2.6.1"
source = { registry = "https://pypi.org/simple" }
sdist = { url = "https://files.pythonhosted.org/packages/df/2f/035d3888f26d999e9680af8c7ddb7ce4ea0fd8d0e01c000de634c22dcf13/scapy-2.6.1.tar.gz", hash = "sha256:7600d7e2383c853e5c3a6e05d37e17643beebf2b3e10d7914dffcc3bc3c6e6c5", size = 2247754, upload-time = "2024-11-05T08:43:23.488Z" }
wheels = [
    { url = "https://files.pythonhosted.org/packages/4b/34/8695b43af99d0c796e4b7933a0d7df8925f43a8abdd0ff0f6297beb4de3a/scapy-2.6.1-py3-none-any.whl", hash = "sha256:88a998572049b511a1f3e44f4aa7c62dd39c6ea2aa1bb58434f503956641789d", size = 2420670, upload-time = "2024-11-05T08:43:21.285Z" },
]
